
Microsoft Visual Studio Solution File, Format Version 12.00
# Visual Studio Version 16
VisualStudioVersion = 16.0.31321.278
MinimumVisualStudioVersion = 10.0.40219.1
Project("{FAE04EC0-301F-11D3-BF4B-00C04F79EFBC}") = "Operators_Wilson_Kenny", "Operators_Wilson_Kenny\Operators_Wilson_Kenny.csproj", "{57ADF82A-F950-4079-8F0A-4C597944C025}"
EndProject
Global
	GlobalSection(SolutionConfigurationPlatforms) = preSolution
		Debug|Any CPU = Debug|Any CPU
		Release|Any CPU = Release|Any CPU
	EndGlobalSection
	GlobalSection(ProjectConfigurationPlatforms) = postSolution
		{57ADF82A-F950-4079-8F0A-4C597944C025}.Debug|Any CPU.ActiveCfg = Debug|Any CPU
		{57ADF82A-F950-4079-8F0A-4C597944C025}.Debug|Any CPU.Build.0 = Debug|Any CPU
		{57ADF82A-F950-4079-8F0A-4C597944C025}.Release|Any CPU.ActiveCfg = Release|Any CPU
		{57ADF82A-F950-4079-8F0A-4C597944C025}.Release|Any CPU.Build.0 = Release|Any CPU
	EndGlobalSection
	GlobalSection(SolutionProperties) = preSolution
		HideSolutionNode = FALSE
	EndGlobalSection
	GlobalSection(ExtensibilityGlobals) = postSolution
		SolutionGuid = {79A39D38-81EC-4345-AF32-213D584690BE}
	EndGlobalSection
EndGlobal
